// !$*UTF8*$!
{
	archiveVersion = 1;
	classes = {
	};
	objectVersion = 50;
	objects = {

/* Begin PBXBuildFile section */
		D4FBCE012536E45C0099D616 /* AppDelegate.m in Sources */ = {isa = PBXBuildFile; fileRef = D4FBCE002536E45C0099D616 /* AppDelegate.m */; };
		D4FBCE042536E45C0099D616 /* SceneDelegate.m in Sources */ = {isa = PBXBuildFile; fileRef = D4FBCE032536E45C0099D616 /* SceneDelegate.m */; };
		D4FBCE072536E45C0099D616 /* ViewController.m in Sources */ = {isa = PBXBuildFile; fileRef = D4FBCE062536E45C0099D616 /* ViewController.m */; };
		D4FBCE0A2536E45C0099D616 /* Main.storyboard in Resources */ = {isa = PBXBuildFile; fileRef = D4FBCE082536E45C0099D616 /* Main.storyboard */; };
		D4FBCE0C2536E45C0099D616 /* Assets.xcassets in Resources */ = {isa = PBXBuildFile; fileRef = D4FBCE0B2536E45C0099D616 /* Assets.xcassets */; };
		D4FBCE0F2536E45C0099D616 /* LaunchScreen.storyboard in Resources */ = {isa = PBXBuildFile; fileRef = D4FBCE0D2536E45C0099D616 /* LaunchScreen.storyboard */; };
		D4FBCE122536E45C0099D616 /* main.m in Sources */ = {isa = PBXBuildFile; fileRef = D4FBCE112536E45C0099D616 /* main.m */; };
		D4FBCE1C2536E45D0099D616 /* PictureInPictureDemoTests.m in Sources */ = {isa = PBXBuildFile; fileRef = D4FBCE1B2536E45D0099D616 /* PictureInPictureDemoTests.m */; };
		D4FBCE272536E45D0099D616 /* PictureInPictureDemoUITests.m in Sources */ = {isa = PBXBuildFile; fileRef = D4FBCE262536E45D0099D616 /* PictureInPictureDemoUITests.m */; };
		D4FBCE382536E5BE0099D616 /* v1.MP4 in Resources */ = {isa = PBXBuildFile; fileRef = D4FBCE372536E5BE0099D616 /* v1.MP4 */; };
/* End PBXBuildFile section */

/* Begin PBXContainerItemProxy section */
		D4FBCE182536E45D0099D616 /* PBXContainerItemProxy */ = {
			isa = PBXContainerItemProxy;
			containerPortal = D4FBCDF42536E45C0099D616 /* Project object */;
			proxyType = 1;
			remoteGlobalIDString = D4FBCDFB2536E45C0099D616;
			remoteInfo = PictureInPictureDemo;
		};
		D4FBCE232536E45D0099D616 /* PBXContainerItemProxy */ = {
			isa = PBXContainerItemProxy;
			containerPortal = D4FBCDF42536E45C0099D616 /* Project object */;
			proxyType = 1;
			remoteGlobalIDString = D4FBCDFB2536E45C0099D616;
			remoteInfo = PictureInPictureDemo;
		};
/* End PBXContainerItemProxy section */

/* Begin PBXFileReference section */
		D4FBCDFC2536E45C0099D616 /* PictureInPictureDemo.app */ = {isa = PBXFileReference; explicitFileType = wrapper.application; includeInIndex = 0; path = PictureInPictureDemo.app; sourceTree = BUILT_PRODUCTS_DIR; };
		D4FBCDFF2536E45C0099D616 /* AppDelegate.h */ = {isa = PBXFileReference; lastKnownFileType = sourcecode.c.h; path = AppDelegate.h; sourceTree = "<group>"; };
		D4FBCE002536E45C0099D616 /* AppDelegate.m */ = {isa = PBXFileReference; lastKnownFileType = sourcecode.c.objc; path = AppDelegate.m; sourceTree = "<group>"; };
		D4FBCE022536E45C0099D616 /* SceneDelegate.h */ = {isa = PBXFileReference; lastKnownFileType = sourcecode.c.h; path = SceneDelegate.h; sourceTree = "<group>"; };
		D4FBCE032536E45C0099D616 /* SceneDelegate.m */ = {isa = PBXFileReference; lastKnownFileType = sourcecode.c.objc; path = SceneDelegate.m; sourceTree = "<group>"; };
		D4FBCE052536E45C0099D616 /* ViewController.h */ = {isa = PBXFileReference; lastKnownFileType = sourcecode.c.h; path = ViewController.h; sourceTree = "<group>"; };
		D4FBCE062536E45C0099D616 /* ViewController.m */ = {isa = PBXFileReference; lastKnownFileType = sourcecode.c.objc; path = ViewController.m; sourceTree = "<group>"; };
		D4FBCE092536E45C0099D616 /* Base */ = {isa = PBXFileReference; lastKnownFileType = file.storyboard; name = Base; path = Base.lproj/Main.storyboard; sourceTree = "<group>"; };
		D4FBCE0B2536E45C0099D616 /* Assets.xcassets */ = {isa = PBXFileReference; lastKnownFileType = folder.assetcatalog; path = Assets.xcassets; sourceTree = "<group>"; };
		D4FBCE0E2536E45C0099D616 /* Base */ = {isa = PBXFileReference; lastKnownFileType = file.storyboard; name = Base; path = Base.lproj/LaunchScreen.storyboard; sourceTree = "<group>"; };
		D4FBCE102536E45C0099D616 /* Info.plist */ = {isa = PBXFileReference; lastKnownFileType = text.plist.xml; path = Info.plist; sourceTree = "<group>"; };
		D4FBCE112536E45C0099D616 /* main.m */ = {isa = PBXFileReference; lastKnownFileType = sourcecode.c.objc; path = main.m; sourceTree = "<group>"; };
		D4FBCE172536E45D0099D616 /* PictureInPictureDemoTests.xctest */ = {isa = PBXFileReference; explicitFileType = wrapper.cfbundle; includeInIndex = 0; path = PictureInPictureDemoTests.xctest; sourceTree = BUILT_PRODUCTS_DIR; };
		D4FBCE1B2536E45D0099D616 /* PictureInPictureDemoTests.m */ = {isa = PBXFileReference; lastKnownFileType = sourcecode.c.objc; path = PictureInPictureDemoTests.m; sourceTree = "<group>"; };
		D4FBCE1D2536E45D0099D616 /* Info.plist */ = {isa = PBXFileReference; lastKnownFileType = text.plist.xml; path = Info.plist; sourceTree = "<group>"; };
		D4FBCE222536E45D0099D616 /* PictureInPictureDemoUITests.xctest */ = {isa = PBXFileReference; explicitFileType = wrapper.cfbundle; includeInIndex = 0; path = PictureInPictureDemoUITests.xctest; sourceTree = BUILT_PRODUCTS_DIR; };
		D4FBCE262536E45D0099D616 /* PictureInPictureDemoUITests.m */ = {isa = PBXFileReference; lastKnownFileType = sourcecode.c.objc; path = PictureInPictureDemoUITests.m; sourceTree = "<group>"; };
		D4FBCE282536E45D0099D616 /* Info.plist */ = {isa = PBXFileReference; lastKnownFileType = text.plist.xml; path = Info.plist; sourceTree = "<group>"; };
		D4FBCE372536E5BE0099D616 /* v1.MP4 */ = {isa = PBXFileReference; lastKnownFileType = file; path = v1.MP4; sourceTree = "<group>"; };
/* End PBXFileReference section */

/* Begin PBXFrameworksBuildPhase section */
		D4FBCDF92536E45C0099D616 /* Frameworks */ = {
			isa = PBXFrameworksBuildPhase;
			buildActionMask = 2147483647;
			files = (
			);
			runOnlyForDeploymentPostprocessing = 0;
		};
		D4FBCE142536E45D0099D616 /* Frameworks */ = {
			isa = PBXFrameworksBuildPhase;
			buildActionMask = 2147483647;
			files = (
			);
			runOnlyForDeploymentPostprocessing = 0;
		};
		D4FBCE1F2536E45D0099D616 /* Frameworks */ = {
			isa = PBXFrameworksBuildPhase;
			buildActionMask = 2147483647;
			files = (
			);
			runOnlyForDeploymentPostprocessing = 0;
		};
/* End PBXFrameworksBuildPhase section */

/* Begin PBXGroup section */
		D4FBCDF32536E45C0099D616 = {
			isa = PBXGroup;
			children = (
				D4FBCDFE2536E45C0099D616 /* PictureInPictureDemo */,
				D4FBCE1A2536E45D0099D616 /* PictureInPictureDemoTests */,
				D4FBCE252536E45D0099D616 /* PictureInPictureDemoUITests */,
				D4FBCDFD2536E45C0099D616 /* Products */,
			);
			sourceTree = "<group>";
		};
		D4FBCDFD2536E45C0099D616 /* Products */ = {
			isa = PBXGroup;
			children = (
				D4FBCDFC2536E45C0099D616 /* PictureInPictureDemo.app */,
				D4FBCE172536E45D0099D616 /* PictureInPictureDemoTests.xctest */,
				D4FBCE222536E45D0099D616 /* PictureInPictureDemoUITests.xctest */,
			);
			name = Products;
			sourceTree = "<group>";
		};
		D4FBCDFE2536E45C0099D616 /* PictureInPictureDemo */ = {
			isa = PBXGroup;
			children = (
				D4FBCE372536E5BE0099D616 /* v1.MP4 */,
				D4FBCDFF2536E45C0099D616 /* AppDelegate.h */,
				D4FBCE002536E45C0099D616 /* AppDelegate.m */,
				D4FBCE022536E45C0099D616 /* SceneDelegate.h */,
				D4FBCE032536E45C0099D616 /* SceneDelegate.m */,
				D4FBCE052536E45C0099D616 /* ViewController.h */,
				D4FBCE062536E45C0099D616 /* ViewController.m */,
				D4FBCE082536E45C0099D616 /* Main.storyboard */,
				D4FBCE0B2536E45C0099D616 /* Assets.xcassets */,
				D4FBCE0D2536E45C0099D616 /* LaunchScreen.storyboard */,
				D4FBCE102536E45C0099D616 /* Info.plist */,
				D4FBCE112536E45C0099D616 /* main.m */,
			);
			path = PictureInPictureDemo;
			sourceTree = "<group>";
		};
		D4FBCE1A2536E45D0099D616 /* PictureInPictureDemoTests */ = {
			isa = PBXGroup;
			children = (
				D4FBCE1B2536E45D0099D616 /* PictureInPictureDemoTests.m */,
				D4FBCE1D2536E45D0099D616 /* Info.plist */,
			);
			path = PictureInPictureDemoTests;
			sourceTree = "<group>";
		};
		D4FBCE252536E45D0099D616 /* PictureInPictureDemoUITests */ = {
			isa = PBXGroup;
			children = (
				D4FBCE262536E45D0099D616 /* PictureInPictureDemoUITests.m */,
				D4FBCE282536E45D0099D616 /* Info.plist */,
			);
			path = PictureInPictureDemoUITests;
			sourceTree = "<group>";
		};
/* End PBXGroup section */

/* Begin PBXNativeTarget section */
		D4FBCDFB2536E45C0099D616 /* PictureInPictureDemo */ = {
			isa = PBXNativeTarget;
			buildConfigurationList = D4FBCE2B2536E45D0099D616 /* Build configuration list for PBXNativeTarget "PictureInPictureDemo" */;
			buildPhases = (
				D4FBCDF82536E45C0099D616 /* Sources */,
				D4FBCDF92536E45C0099D616 /* Frameworks */,
				D4FBCDFA2536E45C0099D616 /* Resources */,
			);
			buildRules = (
			);
			dependencies = (
			);
			name = PictureInPictureDemo;
			productName = PictureInPictureDemo;
			productReference = D4FBCDFC2536E45C0099D616 /* PictureInPictureDemo.app */;
			productType = "com.apple.product-type.application";
		};
		D4FBCE162536E45D0099D616 /* PictureInPictureDemoTests */ = {
			isa = PBXNativeTarget;
			buildConfigurationList = D4FBCE2E2536E45D0099D616 /* Build configuration list for PBXNativeTarget "PictureInPictureDemoTests" */;
			buildPhases = (
				D4FBCE132536E45D0099D616 /* Sources */,
				D4FBCE142536E45D0099D616 /* Frameworks */,
				D4FBCE152536E45D0099D616 /* Resources */,
			);
			buildRules = (
			);
			dependencies = (
				D4FBCE192536E45D0099D616 /* PBXTargetDependency */,
			);
			name = PictureInPictureDemoTests;
			productName = PictureInPictureDemoTests;
			productReference = D4FBCE172536E45D0099D616 /* PictureInPictureDemoTests.xctest */;
			productType = "com.apple.product-type.bundle.unit-test";
		};
		D4FBCE212536E45D0099D616 /* PictureInPictureDemoUITests */ = {
			isa = PBXNativeTarget;
			buildConfigurationList = D4FBCE312536E45D0099D616 /* Build configuration list for PBXNativeTarget "PictureInPictureDemoUITests" */;
			buildPhases = (
				D4FBCE1E2536E45D0099D616 /* Sources */,
				D4FBCE1F2536E45D0099D616 /* Frameworks */,
				D4FBCE202536E45D0099D616 /* Resources */,
			);
			buildRules = (
			);
			dependencies = (
				D4FBCE242536E45D0099D616 /* PBXTargetDependency */,
			);
			name = PictureInPictureDemoUITests;
			productName = PictureInPictureDemoUITests;
			productReference = D4FBCE222536E45D0099D616 /* PictureInPictureDemoUITests.xctest */;
			productType = "com.apple.product-type.bundle.ui-testing";
		};
/* End PBXNativeTarget section */

/* Begin PBXProject section */
		D4FBCDF42536E45C0099D616 /* Project object */ = {
			isa = PBXProject;
			attributes = {
				LastUpgradeCheck = 1200;
				TargetAttributes = {
					D4FBCDFB2536E45C0099D616 = {
						CreatedOnToolsVersion = 12.0.1;
					};
					D4FBCE162536E45D0099D616 = {
						CreatedOnToolsVersion = 12.0.1;
						TestTargetID = D4FBCDFB2536E45C0099D616;
					};
					D4FBCE212536E45D0099D616 = {
						CreatedOnToolsVersion = 12.0.1;
						TestTargetID = D4FBCDFB2536E45C0099D616;
					};
				};
			};
			buildConfigurationList = D4FBCDF72536E45C0099D616 /* Build configuration list for PBXProject "PictureInPictureDemo" */;
			compatibilityVersion = "Xcode 9.3";
			developmentRegion = en;
			hasScannedForEncodings = 0;
			knownRegions = (
				en,
				Base,
			);
			mainGroup = D4FBCDF32536E45C0099D616;
			productRefGroup = D4FBCDFD2536E45C0099D616 /* Products */;
			projectDirPath = "";
			projectRoot = "";
			targets = (
				D4FBCDFB2536E45C0099D616 /* PictureInPictureDemo */,
				D4FBCE162536E45D0099D616 /* PictureInPictureDemoTests */,
				D4FBCE212536E45D0099D616 /* PictureInPictureDemoUITests */,
			);
		};
/* End PBXProject section */

/* Begin PBXResourcesBuildPhase section */
		D4FBCDFA2536E45C0099D616 /* Resources */ = {
			isa = PBXResourcesBuildPhase;
			buildActionMask = 2147483647;
			files = (
				D4FBCE382536E5BE0099D616 /* v1.MP4 in Resources */,
				D4FBCE0F2536E45C0099D616 /* LaunchScreen.storyboard in Resources */,
				D4FBCE0C2536E45C0099D616 /* Assets.xcassets in Resources */,
				D4FBCE0A2536E45C0099D616 /* Main.storyboard in Resources */,
			);
			runOnlyForDeploymentPostprocessing = 0;
		};
		D4FBCE152536E45D0099D616 /* Resources */ = {
			isa = PBXResourcesBuildPhase;
			buildActionMask = 2147483647;
			files = (
			);
			runOnlyForDeploymentPostprocessing = 0;
		};
		D4FBCE202536E45D0099D616 /* Resources */ = {
			isa = PBXResourcesBuildPhase;
			buildActionMask = 2147483647;
			files = (
			);
			runOnlyForDeploymentPostprocessing = 0;
		};
/* End PBXResourcesBuildPhase section */

/* Begin PBXSourcesBuildPhase section */
		D4FBCDF82536E45C0099D616 /* Sources */ = {
			isa = PBXSourcesBuildPhase;
			buildActionMask = 2147483647;
			files = (
				D4FBCE072536E45C0099D616 /* ViewController.m in Sources */,
				D4FBCE012536E45C0099D616 /* AppDelegate.m in Sources */,
				D4FBCE122536E45C0099D616 /* main.m in Sources */,
				D4FBCE042536E45C0099D616 /* SceneDelegate.m in Sources */,
			);
			runOnlyForDeploymentPostprocessing = 0;
		};
		D4FBCE132536E45D0099D616 /* Sources */ = {
			isa = PBXSourcesBuildPhase;
			buildActionMask = 2147483647;
			files = (
				D4FBCE1C2536E45D0099D616 /* PictureInPictureDemoTests.m in Sources */,
			);
			runOnlyForDeploymentPostprocessing = 0;
		};
		D4FBCE1E2536E45D0099D616 /* Sources */ = {
			isa = PBXSourcesBuildPhase;
			buildActionMask = 2147483647;
			files = (
				D4FBCE272536E45D0099D616 /* PictureInPictureDemoUITests.m in Sources */,
			);
			runOnlyForDeploymentPostprocessing = 0;
		};
/* End PBXSourcesBuildPhase section */

/* Begin PBXTargetDependency section */
		D4FBCE192536E45D0099D616 /* PBXTargetDependency */ = {
			isa = PBXTargetDependency;
			target = D4FBCDFB2536E45C0099D616 /* PictureInPictureDemo */;
			targetProxy = D4FBCE182536E45D0099D616 /* PBXContainerItemProxy */;
		};
		D4FBCE242536E45D0099D616 /* PBXTargetDependency */ = {
			isa = PBXTargetDependency;
			target = D4FBCDFB2536E45C0099D616 /* PictureInPictureDemo */;
			targetProxy = D4FBCE232536E45D0099D616 /* PBXContainerItemProxy */;
		};
/* End PBXTargetDependency section */

/* Begin PBXVariantGroup section */
		D4FBCE082536E45C0099D616 /* Main.storyboard */ = {
			isa = PBXVariantGroup;
			children = (
				D4FBCE092536E45C0099D616 /* Base */,
			);
			name = Main.storyboard;
			sourceTree = "<group>";
		};
		D4FBCE0D2536E45C0099D616 /* LaunchScreen.storyboard */ = {
			isa = PBXVariantGroup;
			children = (
				D4FBCE0E2536E45C0099D616 /* Base */,
			);
			name = LaunchScreen.storyboard;
			sourceTree = "<group>";
		};
/* End PBXVariantGroup section */

/* Begin XCBuildConfiguration section */
		D4FBCE292536E45D0099D616 /* Debug */ = {
			isa = XCBuildConfiguration;
			buildSettings = {
				ALWAYS_SEARCH_USER_PATHS = NO;
				CLANG_ANALYZER_NONNULL = YES;
				CLANG_ANALYZER_NUMBER_OBJECT_CONVERSION = YES_AGGRESSIVE;
				CLANG_CXX_LANGUAGE_STANDARD = "gnu++14";
				CLANG_CXX_LIBRARY = "libc++";
				CLANG_ENABLE_MODULES = YES;
				CLANG_ENABLE_OBJC_ARC = YES;
				CLANG_ENABLE_OBJC_WEAK = YES;
				CLANG_WARN_BLOCK_CAPTURE_AUTORELEASING = YES;
				CLANG_WARN_BOOL_CONVERSION = YES;
				CLANG_WARN_COMMA = YES;
				CLANG_WARN_CONSTANT_CONVERSION = YES;
				CLANG_WARN_DEPRECATED_OBJC_IMPLEMENTATIONS = YES;
				CLANG_WARN_DIRECT_OBJC_ISA_USAGE = YES_ERROR;
				CLANG_WARN_DOCUMENTATION_COMMENTS = YES;
				CLANG_WARN_EMPTY_BODY = YES;
				CLANG_WARN_ENUM_CONVERSION = YES;
				CLANG_WARN_INFINITE_RECURSION = YES;
				CLANG_WARN_INT_CONVERSION = YES;
				CLANG_WARN_NON_LITERAL_NULL_CONVERSION = YES;
				CLANG_WARN_OBJC_IMPLICIT_RETAIN_SELF = YES;
				CLANG_WARN_OBJC_LITERAL_CONVERSION = YES;
				CLANG_WARN_OBJC_ROOT_CLASS = YES_ERROR;
				CLANG_WARN_QUOTED_INCLUDE_IN_FRAMEWORK_HEADER = YES;
				CLANG_WARN_RANGE_LOOP_ANALYSIS = YES;
				CLANG_WARN_STRICT_PROTOTYPES = YES;
				CLANG_WARN_SUSPICIOUS_MOVE = YES;
				CLANG_WARN_UNGUARDED_AVAILABILITY = YES_AGGRESSIVE;
				CLANG_WARN_UNREACHABLE_CODE = YES;
				CLANG_WARN__DUPLICATE_METHOD_MATCH = YES;
				COPY_PHASE_STRIP = NO;
				DEBUG_INFORMATION_FORMAT = dwarf;
				ENABLE_STRICT_OBJC_MSGSEND = YES;
				ENABLE_TESTABILITY = YES;
				GCC_C_LANGUAGE_STANDARD = gnu11;
				GCC_DYNAMIC_NO_PIC = NO;
				GCC_NO_COMMON_BLOCKS = YES;
				GCC_OPTIMIZATION_LEVEL = 0;
				GCC_PREPROCESSOR_DEFINITIONS = (
					"DEBUG=1",
					"$(inherited)",
				);
				GCC_WARN_64_TO_32_BIT_CONVERSION = YES;
				GCC_WARN_ABOUT_RETURN_TYPE = YES_ERROR;
				GCC_WARN_UNDECLARED_SELECTOR = YES;
				GCC_WARN_UNINITIALIZED_AUTOS = YES_AGGRESSIVE;
				GCC_WARN_UNUSED_FUNCTION = YES;
				GCC_WARN_UNUSED_VARIABLE = YES;
				IPHONEOS_DEPLOYMENT_TARGET = 14.0;
				MTL_ENABLE_DEBUG_INFO = INCLUDE_SOURCE;
				MTL_FAST_MATH = YES;
				ONLY_ACTIVE_ARCH = YES;
				SDKROOT = iphoneos;
			};
			name = Debug;
		};
		D4FBCE2A2536E45D0099D616 /* Release */ = {
			isa = XCBuildConfiguration;
			buildSettings = {
				ALWAYS_SEARCH_USER_PATHS = NO;
				CLANG_ANALYZER_NONNULL = YES;
				CLANG_ANALYZER_NUMBER_OBJECT_CONVERSION = YES_AGGRESSIVE;
				CLANG_CXX_LANGUAGE_STANDARD = "gnu++14";
				CLANG_CXX_LIBRARY = "libc++";
				CLANG_ENABLE_MODULES = YES;
				CLANG_ENABLE_OBJC_ARC = YES;
				CLANG_ENABLE_OBJC_WEAK = YES;
				CLANG_WARN_BLOCK_CAPTURE_AUTORELEASING = YES;
				CLANG_WARN_BOOL_CONVERSION = YES;
				CLANG_WARN_COMMA = YES;
				CLANG_WARN_CONSTANT_CONVERSION = YES;
				CLANG_WARN_DEPRECATED_OBJC_IMPLEMENTATIONS = YES;
				CLANG_WARN_DIRECT_OBJC_ISA_USAGE = YES_ERROR;
				CLANG_WARN_DOCUMENTATION_COMMENTS = YES;
				CLANG_WARN_EMPTY_BODY = YES;
				CLANG_WARN_ENUM_CONVERSION = YES;
				CLANG_WARN_INFINITE_RECURSION = YES;
				CLANG_WARN_INT_CONVERSION = YES;
				CLANG_WARN_NON_LITERAL_NULL_CONVERSION = YES;
				CLANG_WARN_OBJC_IMPLICIT_RETAIN_SELF = YES;
				CLANG_WARN_OBJC_LITERAL_CONVERSION = YES;
				CLANG_WARN_OBJC_ROOT_CLASS = YES_ERROR;
				CLANG_WARN_QUOTED_INCLUDE_IN_FRAMEWORK_HEADER = YES;
				CLANG_WARN_RANGE_LOOP_ANALYSIS = YES;
				CLANG_WARN_STRICT_PROTOTYPES = YES;
				CLANG_WARN_SUSPICIOUS_MOVE = YES;
				CLANG_WARN_UNGUARDED_AVAILABILITY = YES_AGGRESSIVE;
				CLANG_WARN_UNREACHABLE_CODE = YES;
				CLANG_WARN__DUPLICATE_METHOD_MATCH = YES;
				COPY_PHASE_STRIP = NO;
				DEBUG_INFORMATION_FORMAT = "dwarf-with-dsym";
				ENABLE_NS_ASSERTIONS = NO;
				ENABLE_STRICT_OBJC_MSGSEND = YES;
				GCC_C_LANGUAGE_STANDARD = gnu11;
				GCC_NO_COMMON_BLOCKS = YES;
				GCC_WARN_64_TO_32_BIT_CONVERSION = YES;
				GCC_WARN_ABOUT_RETURN_TYPE = YES_ERROR;
				GCC_WARN_UNDECLARED_SELECTOR = YES;
				GCC_WARN_UNINITIALIZED_AUTOS = YES_AGGRESSIVE;
				GCC_WARN_UNUSED_FUNCTION = YES;
				GCC_WARN_UNUSED_VARIABLE = YES;
				IPHONEOS_DEPLOYMENT_TARGET = 14.0;
				MTL_ENABLE_DEBUG_INFO = NO;
				MTL_FAST_MATH = YES;
				SDKROOT = iphoneos;
				VALIDATE_PRODUCT = YES;
			};
			name = Release;
		};
		D4FBCE2C2536E45D0099D616 /* Debug */ = {
			isa = XCBuildConfiguration;
			buildSettings = {
				ASSETCATALOG_COMPILER_APPICON_NAME = AppIcon;
				ASSETCATALOG_COMPILER_GLOBAL_ACCENT_COLOR_NAME = AccentColor;
				CODE_SIGN_IDENTITY = "iPhone Developer";
				CODE_SIGN_STYLE = Manual;
				DEVELOPMENT_TEAM = E5KJ8HF8M5;
				INFOPLIST_FILE = PictureInPictureDemo/Info.plist;
				LD_RUNPATH_SEARCH_PATHS = (
					"$(inherited)",
					"@executable_path/Frameworks",
				);
				PRODUCT_BUNDLE_IDENTIFIER = com.cqt.okauth;
				PRODUCT_NAME = "$(TARGET_NAME)";
				PROVISIONING_PROFILE_SPECIFIER = okAutoDev;
				TARGETED_DEVICE_FAMILY = "1,2";
			};
			name = Debug;
		};
		D4FBCE2D2536E45D0099D616 /* Release */ = {
			isa = XCBuildConfiguration;
			buildSettings = {
				ASSETCATALOG_COMPILER_APPICON_NAME = AppIcon;
				ASSETCATALOG_COMPILER_GLOBAL_ACCENT_COLOR_NAME = AccentColor;
				CODE_SIGN_IDENTITY = "iPhone Developer";
				CODE_SIGN_STYLE = Manual;
				DEVELOPMENT_TEAM = E5KJ8HF8M5;
				INFOPLIST_FILE = PictureInPictureDemo/Info.plist;
				LD_RUNPATH_SEARCH_PATHS = (
					"$(inherited)",
					"@executable_path/Frameworks",
				);
				PRODUCT_BUNDLE_IDENTIFIER = com.cqt.okauth;
				PRODUCT_NAME = "$(TARGET_NAME)";
				PROVISIONING_PROFILE_SPECIFIER = okAutoDev;
				TARGETED_DEVICE_FAMILY = "1,2";
			};
			name = Release;
		};
		D4FBCE2F2536E45D0099D616 /* Debug */ = {
			isa = XCBuildConfiguration;
			buildSettings = {
				BUNDLE_LOADER = "$(TEST_HOST)";
				CODE_SIGN_STYLE = Automatic;
				DEVELOPMENT_TEAM = RF9P2LU6M2;
				INFOPLIST_FILE = PictureInPictureDemoTests/Info.plist;
				IPHONEOS_DEPLOYMENT_TARGET = 14.0;
				LD_RUNPATH_SEARCH_PATHS = (
					"$(inherited)",
					"@executable_path/Frameworks",
					"@loader_path/Frameworks",
				);
				PRODUCT_BUNDLE_IDENTIFIER = com.sy.PictureInPictureDemoTests;
				PRODUCT_NAME = "$(TARGET_NAME)";
				TARGETED_DEVICE_FAMILY = "1,2";
				TEST_HOST = "$(BUILT_PRODUCTS_DIR)/PictureInPictureDemo.app/PictureInPictureDemo";
			};
			name = Debug;
		};
		D4FBCE302536E45D0099D616 /* Release */ = {
			isa = XCBuildConfiguration;
			buildSettings = {
				BUNDLE_LOADER = "$(TEST_HOST)";
				CODE_SIGN_STYLE = Automatic;
				DEVELOPMENT_TEAM = RF9P2LU6M2;
				INFOPLIST_FILE = PictureInPictureDemoTests/Info.plist;
				IPHONEOS_DEPLOYMENT_TARGET = 14.0;
				LD_RUNPATH_SEARCH_PATHS = (
					"$(inherited)",
					"@executable_path/Frameworks",
					"@loader_path/Frameworks",
				);
				PRODUCT_BUNDLE_IDENTIFIER = com.sy.PictureInPictureDemoTests;
				PRODUCT_NAME = "$(TARGET_NAME)";
				TARGETED_DEVICE_FAMILY = "1,2";
				TEST_HOST = "$(BUILT_PRODUCTS_DIR)/PictureInPictureDemo.app/PictureInPictureDemo";
			};
			name = Release;
		};
		D4FBCE322536E45D0099D616 /* Debug */ = {
			isa = XCBuildConfiguration;
			buildSettings = {
				CODE_SIGN_STYLE = Automatic;
				DEVELOPMENT_TEAM = RF9P2LU6M2;
				INFOPLIST_FILE = PictureInPictureDemoUITests/Info.plist;
				LD_RUNPATH_SEARCH_PATHS = (
					"$(inherited)",
					"@executable_path/Frameworks",
					"@loader_path/Frameworks",
				);
				PRODUCT_BUNDLE_IDENTIFIER = com.sy.PictureInPictureDemoUITests;
				PRODUCT_NAME = "$(TARGET_NAME)";
				TARGETED_DEVICE_FAMILY = "1,2";
				TEST_TARGET_NAME = PictureInPictureDemo;
			};
			name = Debug;
		};
		D4FBCE332536E45D0099D616 /* Release */ = {
			isa = XCBuildConfiguration;
			buildSettings = {
				CODE_SIGN_STYLE = Automatic;
				DEVELOPMENT_TEAM = RF9P2LU6M2;
				INFOPLIST_FILE = PictureInPictureDemoUITests/Info.plist;
				LD_RUNPATH_SEARCH_PATHS = (
					"$(inherited)",
					"@executable_path/Frameworks",
					"@loader_path/Frameworks",
				);
				PRODUCT_BUNDLE_IDENTIFIER = com.sy.PictureInPictureDemoUITests;
				PRODUCT_NAME = "$(TARGET_NAME)";
				TARGETED_DEVICE_FAMILY = "1,2";
				TEST_TARGET_NAME = PictureInPictureDemo;
			};
			name = Release;
		};
/* End XCBuildConfiguration section */

/* Begin XCConfigurationList section */
		D4FBCDF72536E45C0099D616 /* Build configuration list for PBXProject "PictureInPictureDemo" */ = {
			isa = XCConfigurationList;
			buildConfigurations = (
				D4FBCE292536E45D0099D616 /* Debug */,
				D4FBCE2A2536E45D0099D616 /* Release */,
			);
			defaultConfigurationIsVisible = 0;
			defaultConfigurationName = Release;
		};
		D4FBCE2B2536E45D0099D616 /* Build configuration list for PBXNativeTarget "PictureInPictureDemo" */ = {
			isa = XCConfigurationList;
			buildConfigurations = (
				D4FBCE2C2536E45D0099D616 /* Debug */,
				D4FBCE2D2536E45D0099D616 /* Release */,
			);
			defaultConfigurationIsVisible = 0;
			defaultConfigurationName = Release;
		};
		D4FBCE2E2536E45D0099D616 /* Build configuration list for PBXNativeTarget "PictureInPictureDemoTests" */ = {
			isa = XCConfigurationList;
			buildConfigurations = (
				D4FBCE2F2536E45D0099D616 /* Debug */,
				D4FBCE302536E45D0099D616 /* Release */,
			);
			defaultConfigurationIsVisible = 0;
			defaultConfigurationName = Release;
		};
		D4FBCE312536E45D0099D616 /* Build configuration list for PBXNativeTarget "PictureInPictureDemoUITests" */ = {
			isa = XCConfigurationList;
			buildConfigurations = (
				D4FBCE322536E45D0099D616 /* Debug */,
				D4FBCE332536E45D0099D616 /* Release */,
			);
			defaultConfigurationIsVisible = 0;
			defaultConfigurationName = Release;
		};
/* End XCConfigurationList section */
	};
	rootObject = D4FBCDF42536E45C0099D616 /* Project object */;
}
